// !$*UTF8*$!
{
	archiveVersion = 1;
	classes = {
	};
	objectVersion = 50;
	objects = {

/* Begin PBXBuildFile section */
		DD1F7EDC214FA4110059645A /* AppDelegate.swift in Sources */ = {isa = PBXBuildFile; fileRef = DD1F7EDB214FA4110059645A /* AppDelegate.swift */; };
		DD1F7EDE214FA4110059645A /* ViewController.swift in Sources */ = {isa = PBXBuildFile; fileRef = DD1F7EDD214FA4110059645A /* ViewController.swift */; };
		DD1F7EE1214FA4110059645A /* Main.storyboard in Resources */ = {isa = PBXBuildFile; fileRef = DD1F7EDF214FA4110059645A /* Main.storyboard */; };
		DD1F7EE3214FA4120059645A /* Assets.xcassets in Resources */ = {isa = PBXBuildFile; fileRef = DD1F7EE2214FA4120059645A /* Assets.xcassets */; };
		DD1F7EE6214FA4120059645A /* LaunchScreen.storyboard in Resources */ = {isa = PBXBuildFile; fileRef = DD1F7EE4214FA4120059645A /* LaunchScreen.storyboard */; };
		DD1F7EF1214FA4120059645A /* SO52339694UITests.swift in Sources */ = {isa = PBXBuildFile; fileRef = DD1F7EF0214FA4120059645A /* SO52339694UITests.swift */; };
/* End PBXBuildFile section */

/* Begin PBXContainerItemProxy section */
		DD1F7EED214FA4120059645A /* PBXContainerItemProxy */ = {
			isa = PBXContainerItemProxy;
			containerPortal = DD1F7ED0214FA4110059645A /* Project object */;
			proxyType = 1;
			remoteGlobalIDString = DD1F7ED7214FA4110059645A;
			remoteInfo = SO52339694;
		};
/* End PBXContainerItemProxy section */

/* Begin PBXFileReference section */
		DD1F7ED8214FA4110059645A /* SO52339694.app */ = {isa = PBXFileReference; explicitFileType = wrapper.application; includeInIndex = 0; path = SO52339694.app; sourceTree = BUILT_PRODUCTS_DIR; };
		DD1F7EDB214FA4110059645A /* AppDelegate.swift */ = {isa = PBXFileReference; lastKnownFileType = sourcecode.swift; path = AppDelegate.swift; sourceTree = "<group>"; };
		DD1F7EDD214FA4110059645A /* ViewController.swift */ = {isa = PBXFileReference; lastKnownFileType = sourcecode.swift; path = ViewController.swift; sourceTree = "<group>"; };
		DD1F7EE0214FA4110059645A /* Base */ = {isa = PBXFileReference; lastKnownFileType = file.storyboard; name = Base; path = Base.lproj/Main.storyboard; sourceTree = "<group>"; };
		DD1F7EE2214FA4120059645A /* Assets.xcassets */ = {isa = PBXFileReference; lastKnownFileType = folder.assetcatalog; path = Assets.xcassets; sourceTree = "<group>"; };
		DD1F7EE5214FA4120059645A /* Base */ = {isa = PBXFileReference; lastKnownFileType = file.storyboard; name = Base; path = Base.lproj/LaunchScreen.storyboard; sourceTree = "<group>"; };
		DD1F7EE7214FA4120059645A /* Info.plist */ = {isa = PBXFileReference; lastKnownFileType = text.plist.xml; path = Info.plist; sourceTree = "<group>"; };
		DD1F7EEC214FA4120059645A /* SO52339694UITests.xctest */ = {isa = PBXFileReference; explicitFileType = wrapper.cfbundle; includeInIndex = 0; path = SO52339694UITests.xctest; sourceTree = BUILT_PRODUCTS_DIR; };
		DD1F7EF0214FA4120059645A /* SO52339694UITests.swift */ = {isa = PBXFileReference; lastKnownFileType = sourcecode.swift; path = SO52339694UITests.swift; sourceTree = "<group>"; };
		DD1F7EF2214FA4120059645A /* Info.plist */ = {isa = PBXFileReference; lastKnownFileType = text.plist.xml; path = Info.plist; sourceTree = "<group>"; };
/* End PBXFileReference section */

/* Begin PBXFrameworksBuildPhase section */
		DD1F7ED5214FA4110059645A /* Frameworks */ = {
			isa = PBXFrameworksBuildPhase;
			buildActionMask = 2147483647;
			files = (
			);
			runOnlyForDeploymentPostprocessing = 0;
		};
		DD1F7EE9214FA4120059645A /* Frameworks */ = {
			isa = PBXFrameworksBuildPhase;
			buildActionMask = 2147483647;
			files = (
			);
			runOnlyForDeploymentPostprocessing = 0;
		};
/* End PBXFrameworksBuildPhase section */

/* Begin PBXGroup section */
		DD1F7ECF214FA4110059645A = {
			isa = PBXGroup;
			children = (
				DD1F7EDA214FA4110059645A /* SO52339694 */,
				DD1F7EEF214FA4120059645A /* SO52339694UITests */,
				DD1F7ED9214FA4110059645A /* Products */,
			);
			sourceTree = "<group>";
		};
		DD1F7ED9214FA4110059645A /* Products */ = {
			isa = PBXGroup;
			children = (
				DD1F7ED8214FA4110059645A /* SO52339694.app */,
				DD1F7EEC214FA4120059645A /* SO52339694UITests.xctest */,
			);
			name = Products;
			sourceTree = "<group>";
		};
		DD1F7EDA214FA4110059645A /* SO52339694 */ = {
			isa = PBXGroup;
			children = (
				DD1F7EDB214FA4110059645A /* AppDelegate.swift */,
				DD1F7EDD214FA4110059645A /* ViewController.swift */,
				DD1F7EDF214FA4110059645A /* Main.storyboard */,
				DD1F7EE2214FA4120059645A /* Assets.xcassets */,
				DD1F7EE4214FA4120059645A /* LaunchScreen.storyboard */,
				DD1F7EE7214FA4120059645A /* Info.plist */,
			);
			path = SO52339694;
			sourceTree = "<group>";
		};
		DD1F7EEF214FA4120059645A /* SO52339694UITests */ = {
			isa = PBXGroup;
			children = (
				DD1F7EF0214FA4120059645A /* SO52339694UITests.swift */,
				DD1F7EF2214FA4120059645A /* Info.plist */,
			);
			path = SO52339694UITests;
			sourceTree = "<group>";
		};
/* End PBXGroup section */

/* Begin PBXNativeTarget section */
		DD1F7ED7214FA4110059645A /* SO52339694 */ = {
			isa = PBXNativeTarget;
			buildConfigurationList = DD1F7EF5214FA4120059645A /* Build configuration list for PBXNativeTarget "SO52339694" */;
			buildPhases = (
				DD1F7ED4214FA4110059645A /* Sources */,
				DD1F7ED5214FA4110059645A /* Frameworks */,
				DD1F7ED6214FA4110059645A /* Resources */,
			);
			buildRules = (
			);
			dependencies = (
			);
			name = SO52339694;
			productName = SO52339694;
			productReference = DD1F7ED8214FA4110059645A /* SO52339694.app */;
			productType = "com.apple.product-type.application";
		};
		DD1F7EEB214FA4120059645A /* SO52339694UITests */ = {
			isa = PBXNativeTarget;
			buildConfigurationList = DD1F7EF8214FA4120059645A /* Build configuration list for PBXNativeTarget "SO52339694UITests" */;
			buildPhases = (
				DD1F7EE8214FA4120059645A /* Sources */,
				DD1F7EE9214FA4120059645A /* Frameworks */,
				DD1F7EEA214FA4120059645A /* Resources */,
			);
			buildRules = (
			);
			dependencies = (
				DD1F7EEE214FA4120059645A /* PBXTargetDependency */,
			);
			name = SO52339694UITests;
			productName = SO52339694UITests;
			productReference = DD1F7EEC214FA4120059645A /* SO52339694UITests.xctest */;
			productType = "com.apple.product-type.bundle.ui-testing";
		};
/* End PBXNativeTarget section */

/* Begin PBXProject section */
		DD1F7ED0214FA4110059645A /* Project object */ = {
			isa = PBXProject;
			attributes = {
				LastSwiftUpdateCheck = 0940;
				LastUpgradeCheck = 0940;
				ORGANIZATIONNAME = "Jakub Mazur";
				TargetAttributes = {
					DD1F7ED7214FA4110059645A = {
						CreatedOnToolsVersion = 9.4.1;
					};
					DD1F7EEB214FA4120059645A = {
						CreatedOnToolsVersion = 9.4.1;
						TestTargetID = DD1F7ED7214FA4110059645A;
					};
				};
			};
			buildConfigurationList = DD1F7ED3214FA4110059645A /* Build configuration list for PBXProject "SO52339694" */;
			compatibilityVersion = "Xcode 9.3";
			developmentRegion = en;
			hasScannedForEncodings = 0;
			knownRegions = (
				en,
				Base,
			);
			mainGroup = DD1F7ECF214FA4110059645A;
			productRefGroup = DD1F7ED9214FA4110059645A /* Products */;
			projectDirPath = "";
			projectRoot = "";
			targets = (
				DD1F7ED7214FA4110059645A /* SO52339694 */,
				DD1F7EEB214FA4120059645A /* SO52339694UITests */,
			);
		};
/* End PBXProject section */

/* Begin PBXResourcesBuildPhase section */
		DD1F7ED6214FA4110059645A /* Resources */ = {
			isa = PBXResourcesBuildPhase;
			buildActionMask = 2147483647;
			files = (
				DD1F7EE6214FA4120059645A /* LaunchScreen.storyboard in Resources */,
				DD1F7EE3214FA4120059645A /* Assets.xcassets in Resources */,
				DD1F7EE1214FA4110059645A /* Main.storyboard in Resources */,
			);
			runOnlyForDeploymentPostprocessing = 0;
		};
		DD1F7EEA214FA4120059645A /* Resources */ = {
			isa = PBXResourcesBuildPhase;
			buildActionMask = 2147483647;
			files = (
			);
			runOnlyForDeploymentPostprocessing = 0;
		};
/* End PBXResourcesBuildPhase section */

/* Begin PBXSourcesBuildPhase section */
		DD1F7ED4214FA4110059645A /* Sources */ = {
			isa = PBXSourcesBuildPhase;
			buildActionMask = 2147483647;
			files = (
				DD1F7EDE214FA4110059645A /* ViewController.swift in Sources */,
				DD1F7EDC214FA4110059645A /* AppDelegate.swift in Sources */,
			);
			runOnlyForDeploymentPostprocessing = 0;
		};
		DD1F7EE8214FA4120059645A /* Sources */ = {
			isa = PBXSourcesBuildPhase;
			buildActionMask = 2147483647;
			files = (
				DD1F7EF1214FA4120059645A /* SO52339694UITests.swift in Sources */,
			);
			runOnlyForDeploymentPostprocessing = 0;
		};
/* End PBXSourcesBuildPhase section */

/* Begin PBXTargetDependency section */
		DD1F7EEE214FA4120059645A /* PBXTargetDependency */ = {
			isa = PBXTargetDependency;
			target = DD1F7ED7214FA4110059645A /* SO52339694 */;
			targetProxy = DD1F7EED214FA4120059645A /* PBXContainerItemProxy */;
		};
/* End PBXTargetDependency section */

/* Begin PBXVariantGroup section */
		DD1F7EDF214FA4110059645A /* Main.storyboard */ = {
			isa = PBXVariantGroup;
			children = (
				DD1F7EE0214FA4110059645A /* Base */,
			);
			name = Main.storyboard;
			sourceTree = "<group>";
		};
		DD1F7EE4214FA4120059645A /* LaunchScreen.storyboard */ = {
			isa = PBXVariantGroup;
			children = (
				DD1F7EE5214FA4120059645A /* Base */,
			);
			name = LaunchScreen.storyboard;
			sourceTree = "<group>";
		};
/* End PBXVariantGroup section */

/* Begin XCBuildConfiguration section */
		DD1F7EF3214FA4120059645A /* Debug */ = {
			isa = XCBuildConfiguration;
			buildSettings = {
				ALWAYS_SEARCH_USER_PATHS = NO;
				CLANG_ANALYZER_NONNULL = YES;
				CLANG_ANALYZER_NUMBER_OBJECT_CONVERSION = YES_AGGRESSIVE;
				CLANG_CXX_LANGUAGE_STANDARD = "gnu++14";
				CLANG_CXX_LIBRARY = "libc++";
				CLANG_ENABLE_MODULES = YES;
				CLANG_ENABLE_OBJC_ARC = YES;
				CLANG_ENABLE_OBJC_WEAK = YES;
				CLANG_WARN_BLOCK_CAPTURE_AUTORELEASING = YES;
				CLANG_WARN_BOOL_CONVERSION = YES;
				CLANG_WARN_COMMA = YES;
				CLANG_WARN_CONSTANT_CONVERSION = YES;
				CLANG_WARN_DEPRECATED_OBJC_IMPLEMENTATIONS = YES;
				CLANG_WARN_DIRECT_OBJC_ISA_USAGE = YES_ERROR;
				CLANG_WARN_DOCUMENTATION_COMMENTS = YES;
				CLANG_WARN_EMPTY_BODY = YES;
				CLANG_WARN_ENUM_CONVERSION = YES;
				CLANG_WARN_INFINITE_RECURSION = YES;
				CLANG_WARN_INT_CONVERSION = YES;
				CLANG_WARN_NON_LITERAL_NULL_CONVERSION = YES;
				CLANG_WARN_OBJC_IMPLICIT_RETAIN_SELF = YES;
				CLANG_WARN_OBJC_LITERAL_CONVERSION = YES;
				CLANG_WARN_OBJC_ROOT_CLASS = YES_ERROR;
				CLANG_WARN_RANGE_LOOP_ANALYSIS = YES;
				CLANG_WARN_STRICT_PROTOTYPES = YES;
				CLANG_WARN_SUSPICIOUS_MOVE = YES;
				CLANG_WARN_UNGUARDED_AVAILABILITY = YES_AGGRESSIVE;
				CLANG_WARN_UNREACHABLE_CODE = YES;
				CLANG_WARN__DUPLICATE_METHOD_MATCH = YES;
				CODE_SIGN_IDENTITY = "iPhone Developer";
				COPY_PHASE_STRIP = NO;
				DEBUG_INFORMATION_FORMAT = dwarf;
				ENABLE_STRICT_OBJC_MSGSEND = YES;
				ENABLE_TESTABILITY = YES;
				GCC_C_LANGUAGE_STANDARD = gnu11;
				GCC_DYNAMIC_NO_PIC = NO;
				GCC_NO_COMMON_BLOCKS = YES;
				GCC_OPTIMIZATION_LEVEL = 0;
				GCC_PREPROCESSOR_DEFINITIONS = (
					"DEBUG=1",
					"$(inherited)",
				);
				GCC_WARN_64_TO_32_BIT_CONVERSION = YES;
				GCC_WARN_ABOUT_RETURN_TYPE = YES_ERROR;
				GCC_WARN_UNDECLARED_SELECTOR = YES;
				GCC_WARN_UNINITIALIZED_AUTOS = YES_AGGRESSIVE;
				GCC_WARN_UNUSED_FUNCTION = YES;
				GCC_WARN_UNUSED_VARIABLE = YES;
				IPHONEOS_DEPLOYMENT_TARGET = 11.4;
				MTL_ENABLE_DEBUG_INFO = YES;
				ONLY_ACTIVE_ARCH = YES;
				SDKROOT = iphoneos;
				SWIFT_ACTIVE_COMPILATION_CONDITIONS = DEBUG;
				SWIFT_OPTIMIZATION_LEVEL = "-Onone";
			};
			name = Debug;
		};
		DD1F7EF4214FA4120059645A /* Release */ = {
			isa = XCBuildConfiguration;
			buildSettings = {
				ALWAYS_SEARCH_USER_PATHS = NO;
				CLANG_ANALYZER_NONNULL = YES;
				CLANG_ANALYZER_NUMBER_OBJECT_CONVERSION = YES_AGGRESSIVE;
				CLANG_CXX_LANGUAGE_STANDARD = "gnu++14";
				CLANG_CXX_LIBRARY = "libc++";
				CLANG_ENABLE_MODULES = YES;
				CLANG_ENABLE_OBJC_ARC = YES;
				CLANG_ENABLE_OBJC_WEAK = YES;
				CLANG_WARN_BLOCK_CAPTURE_AUTORELEASING = YES;
				CLANG_WARN_BOOL_CONVERSION = YES;
				CLANG_WARN_COMMA = YES;
				CLANG_WARN_CONSTANT_CONVERSION = YES;
				CLANG_WARN_DEPRECATED_OBJC_IMPLEMENTATIONS = YES;
				CLANG_WARN_DIRECT_OBJC_ISA_USAGE = YES_ERROR;
				CLANG_WARN_DOCUMENTATION_COMMENTS = YES;
				CLANG_WARN_EMPTY_BODY = YES;
				CLANG_WARN_ENUM_CONVERSION = YES;
				CLANG_WARN_INFINITE_RECURSION = YES;
				CLANG_WARN_INT_CONVERSION = YES;
				CLANG_WARN_NON_LITERAL_NULL_CONVERSION = YES;
				CLANG_WARN_OBJC_IMPLICIT_RETAIN_SELF = YES;
				CLANG_WARN_OBJC_LITERAL_CONVERSION = YES;
				CLANG_WARN_OBJC_ROOT_CLASS = YES_ERROR;
				CLANG_WARN_RANGE_LOOP_ANALYSIS = YES;
				CLANG_WARN_STRICT_PROTOTYPES = YES;
				CLANG_WARN_SUSPICIOUS_MOVE = YES;
				CLANG_WARN_UNGUARDED_AVAILABILITY = YES_AGGRESSIVE;
				CLANG_WARN_UNREACHABLE_CODE = YES;
				CLANG_WARN__DUPLICATE_METHOD_MATCH = YES;
				CODE_SIGN_IDENTITY = "iPhone Developer";
				COPY_PHASE_STRIP = NO;
				DEBUG_INFORMATION_FORMAT = "dwarf-with-dsym";
				ENABLE_NS_ASSERTIONS = NO;
				ENABLE_STRICT_OBJC_MSGSEND = YES;
				GCC_C_LANGUAGE_STANDARD = gnu11;
				GCC_NO_COMMON_BLOCKS = YES;
				GCC_WARN_64_TO_32_BIT_CONVERSION = YES;
				GCC_WARN_ABOUT_RETURN_TYPE = YES_ERROR;
				GCC_WARN_UNDECLARED_SELECTOR = YES;
				GCC_WARN_UNINITIALIZED_AUTOS = YES_AGGRESSIVE;
				GCC_WARN_UNUSED_FUNCTION = YES;
				GCC_WARN_UNUSED_VARIABLE = YES;
				IPHONEOS_DEPLOYMENT_TARGET = 11.4;
				MTL_ENABLE_DEBUG_INFO = NO;
				SDKROOT = iphoneos;
				SWIFT_COMPILATION_MODE = wholemodule;
				SWIFT_OPTIMIZATION_LEVEL = "-O";
				VALIDATE_PRODUCT = YES;
			};
			name = Release;
		};
		DD1F7EF6214FA4120059645A /* Debug */ = {
			isa = XCBuildConfiguration;
			buildSettings = {
				ASSETCATALOG_COMPILER_APPICON_NAME = AppIcon;
				CODE_SIGN_STYLE = Automatic;
				INFOPLIST_FILE = SO52339694/Info.plist;
				LD_RUNPATH_SEARCH_PATHS = (
					"$(inherited)",
					"@executable_path/Frameworks",
				);
				PRODUCT_BUNDLE_IDENTIFIER = pl.kettu.SO52339694;
				PRODUCT_NAME = "$(TARGET_NAME)";
				SWIFT_VERSION = 4.0;
				TARGETED_DEVICE_FAMILY = "1,2";
			};
			name = Debug;
		};
		DD1F7EF7214FA4120059645A /* Release */ = {
			isa = XCBuildConfiguration;
			buildSettings = {
				ASSETCATALOG_COMPILER_APPICON_NAME = AppIcon;
				CODE_SIGN_STYLE = Automatic;
				INFOPLIST_FILE = SO52339694/Info.plist;
				LD_RUNPATH_SEARCH_PATHS = (
					"$(inherited)",
					"@executable_path/Frameworks",
				);
				PRODUCT_BUNDLE_IDENTIFIER = pl.kettu.SO52339694;
				PRODUCT_NAME = "$(TARGET_NAME)";
				SWIFT_VERSION = 4.0;
				TARGETED_DEVICE_FAMILY = "1,2";
			};
			name = Release;
		};
		DD1F7EF9214FA4120059645A /* Debug */ = {
			isa = XCBuildConfiguration;
			buildSettings = {
				ALWAYS_EMBED_SWIFT_STANDARD_LIBRARIES = YES;
				CODE_SIGN_STYLE = Automatic;
				INFOPLIST_FILE = SO52339694UITests/Info.plist;
				LD_RUNPATH_SEARCH_PATHS = (
					"$(inherited)",
					"@executable_path/Frameworks",
					"@loader_path/Frameworks",
				);
				PRODUCT_BUNDLE_IDENTIFIER = pl.kettu.SO52339694UITests;
				PRODUCT_NAME = "$(TARGET_NAME)";
				SWIFT_VERSION = 4.0;
				TARGETED_DEVICE_FAMILY = "1,2";
				TEST_TARGET_NAME = SO52339694;
			};
			name = Debug;
		};
		DD1F7EFA214FA4120059645A /* Release */ = {
			isa = XCBuildConfiguration;
			buildSettings = {
				ALWAYS_EMBED_SWIFT_STANDARD_LIBRARIES = YES;
				CODE_SIGN_STYLE = Automatic;
				INFOPLIST_FILE = SO52339694UITests/Info.plist;
				LD_RUNPATH_SEARCH_PATHS = (
					"$(inherited)",
					"@executable_path/Frameworks",
					"@loader_path/Frameworks",
				);
				PRODUCT_BUNDLE_IDENTIFIER = pl.kettu.SO52339694UITests;
				PRODUCT_NAME = "$(TARGET_NAME)";
				SWIFT_VERSION = 4.0;
				TARGETED_DEVICE_FAMILY = "1,2";
				TEST_TARGET_NAME = SO52339694;
			};
			name = Release;
		};
/* End XCBuildConfiguration section */

/* Begin XCConfigurationList section */
		DD1F7ED3214FA4110059645A /* Build configuration list for PBXProject "SO52339694" */ = {
			isa = XCConfigurationList;
			buildConfigurations = (
				DD1F7EF3214FA4120059645A /* Debug */,
				DD1F7EF4214FA4120059645A /* Release */,
			);
			defaultConfigurationIsVisible = 0;
			defaultConfigurationName = Release;
		};
		DD1F7EF5214FA4120059645A /* Build configuration list for PBXNativeTarget "SO52339694" */ = {
			isa = XCConfigurationList;
			buildConfigurations = (
				DD1F7EF6214FA4120059645A /* Debug */,
				DD1F7EF7214FA4120059645A /* Release */,
			);
			defaultConfigurationIsVisible = 0;
			defaultConfigurationName = Release;
		};
		DD1F7EF8214FA4120059645A /* Build configuration list for PBXNativeTarget "SO52339694UITests" */ = {
			isa = XCConfigurationList;
			buildConfigurations = (
				DD1F7EF9214FA4120059645A /* Debug */,
				DD1F7EFA214FA4120059645A /* Release */,
			);
			defaultConfigurationIsVisible = 0;
			defaultConfigurationName = Release;
		};
/* End XCConfigurationList section */
	};
	rootObject = DD1F7ED0214FA4110059645A /* Project object */;
}
